
Microsoft Visual Studio Solution File, Format Version 10.00
# Visual Studio 2008
Project("{FAE04EC0-301F-11D3-BF4B-00C04F79EFBC}") = "YaRep", "YaRep\YaRep.csproj", "{60E75253-75E6-4B12-97FA-3BBDE684F38D}"
EndProject
Global
	GlobalSection(SolutionConfigurationPlatforms) = preSolution
		Debug|Any CPU = Debug|Any CPU
		Release|Any CPU = Release|Any CPU
	EndGlobalSection
	GlobalSection(ProjectConfigurationPlatforms) = postSolution
		{60E75253-75E6-4B12-97FA-3BBDE684F38D}.Debug|Any CPU.ActiveCfg = Debug|Any CPU
		{60E75253-75E6-4B12-97FA-3BBDE684F38D}.Debug|Any CPU.Build.0 = Debug|Any CPU
		{60E75253-75E6-4B12-97FA-3BBDE684F38D}.Release|Any CPU.ActiveCfg = Release|Any CPU
		{60E75253-75E6-4B12-97FA-3BBDE684F38D}.Release|Any CPU.Build.0 = Release|Any CPU
	EndGlobalSection
	GlobalSection(SolutionProperties) = preSolution
		HideSolutionNode = FALSE
	EndGlobalSection
EndGlobal
